
Microsoft Visual Studio Solution File, Format Version 12.00
# Visual Studio Version 17
VisualStudioVersion = 17.11.35312.102
MinimumVisualStudioVersion = 10.0.40219.1
Project("{FAE04EC0-301F-11D3-BF4B-00C04F79EFBC}") = "FlightDataScraper", "FlightDataScraper.csproj", "{C05ABA64-DB58-40DE-8B38-6BD65B0EC4FB}"
EndProject
Global
	GlobalSection(SolutionConfigurationPlatforms) = preSolution
		Debug|Any CPU = Debug|Any CPU
		Release|Any CPU = Release|Any CPU
	EndGlobalSection
	GlobalSection(ProjectConfigurationPlatforms) = postSolution
		{C05ABA64-DB58-40DE-8B38-6BD65B0EC4FB}.Debug|Any CPU.ActiveCfg = Debug|Any CPU
		{C05ABA64-DB58-40DE-8B38-6BD65B0EC4FB}.Debug|Any CPU.Build.0 = Debug|Any CPU
		{C05ABA64-DB58-40DE-8B38-6BD65B0EC4FB}.Release|Any CPU.ActiveCfg = Release|Any CPU
		{C05ABA64-DB58-40DE-8B38-6BD65B0EC4FB}.Release|Any CPU.Build.0 = Release|Any CPU
	EndGlobalSection
	GlobalSection(SolutionProperties) = preSolution
		HideSolutionNode = FALSE
	EndGlobalSection
	GlobalSection(ExtensibilityGlobals) = postSolution
		SolutionGuid = {F4A4A82C-E0DF-416A-B9B6-37747A240E70}
	EndGlobalSection
EndGlobal
